
Microsoft Visual Studio Solution File, Format Version 12.00
# Visual Studio Version 16
VisualStudioVersion = 16.0.30503.244
MinimumVisualStudioVersion = 10.0.40219.1
Project("{FAE04EC0-301F-11D3-BF4B-00C04F79EFBC}") = "CopyManager", "CopyManager\CopyManager.csproj", "{14568731-26A4-439A-8B1C-2A1102E00240}"
EndProject
Global
	GlobalSection(SolutionConfigurationPlatforms) = preSolution
		Debug|Any CPU = Debug|Any CPU
		Release|Any CPU = Release|Any CPU
	EndGlobalSection
	GlobalSection(ProjectConfigurationPlatforms) = postSolution
		{14568731-26A4-439A-8B1C-2A1102E00240}.Debug|Any CPU.ActiveCfg = Debug|Any CPU
		{14568731-26A4-439A-8B1C-2A1102E00240}.Debug|Any CPU.Build.0 = Debug|Any CPU
		{14568731-26A4-439A-8B1C-2A1102E00240}.Release|Any CPU.ActiveCfg = Release|Any CPU
		{14568731-26A4-439A-8B1C-2A1102E00240}.Release|Any CPU.Build.0 = Release|Any CPU
	EndGlobalSection
	GlobalSection(SolutionProperties) = preSolution
		HideSolutionNode = FALSE
	EndGlobalSection
	GlobalSection(ExtensibilityGlobals) = postSolution
		SolutionGuid = {84B4C2C0-C4C3-4233-B04B-F1D544E2B3EE}
	EndGlobalSection
EndGlobal
